Microsoft Visual Studio Solution File, Format Version 8.00
Project("{FAE04EC0-301F-11D3-BF4B-00C04F79EFBC}") = "GoldParser", "GoldParser.csproj", "{1A1A5AE9-7981-471C-9CC7-F7465E675A32}"
	ProjectSection(ProjectDependencies) = postProject
	EndProjectSection
EndProject
Global
	GlobalSection(SolutionConfiguration) = preSolution
		Debug = Debug
		Release = Release
	EndGlobalSection
	GlobalSection(ProjectConfiguration) = postSolution
		{1A1A5AE9-7981-471C-9CC7-F7465E675A32}.Debug.ActiveCfg = Debug|.NET
		{1A1A5AE9-7981-471C-9CC7-F7465E675A32}.Debug.Build.0 = Debug|.NET
		{1A1A5AE9-7981-471C-9CC7-F7465E675A32}.Release.ActiveCfg = Release|.NET
		{1A1A5AE9-7981-471C-9CC7-F7465E675A32}.Release.Build.0 = Release|.NET
	EndGlobalSection
	GlobalSection(ExtensibilityGlobals) = postSolution
	EndGlobalSection
	GlobalSection(ExtensibilityAddIns) = postSolution
	EndGlobalSection
EndGlobal
